
Microsoft Visual Studio Solution File, Format Version 12.00
# Visual Studio 2012
Project("{FAE04EC0-301F-11D3-BF4B-00C04F79EFBC}") = "Arrays_And_Lists", "Arrays_And_Lists\Arrays_And_Lists.csproj", "{1358679A-EEB3-4AFF-BE75-2D8D820A4AAF}"
EndProject
Global
	GlobalSection(SolutionConfigurationPlatforms) = preSolution
		Debug|x86 = Debug|x86
		Release|x86 = Release|x86
	EndGlobalSection
	GlobalSection(ProjectConfigurationPlatforms) = postSolution
		{1358679A-EEB3-4AFF-BE75-2D8D820A4AAF}.Debug|x86.ActiveCfg = Debug|x86
		{1358679A-EEB3-4AFF-BE75-2D8D820A4AAF}.Debug|x86.Build.0 = Debug|x86
		{1358679A-EEB3-4AFF-BE75-2D8D820A4AAF}.Release|x86.ActiveCfg = Release|x86
		{1358679A-EEB3-4AFF-BE75-2D8D820A4AAF}.Release|x86.Build.0 = Release|x86
	EndGlobalSection
EndGlobal
